<?xml version="1.0" encoding="utf-8"?>
<Project ToolsVersion="4.0" xmlns="http://schemas.microsoft.com/developer/msbuild/2003">
  <ItemGroup>
    <Filter Include="common">
      <UniqueIdentifier>{838e2cd5-7664-45b9-b3a2-98fab58418af}</UniqueIdentifier>
    </Filter>
    <Filter Include="engine">
      <UniqueIdentifier>{900f37ec-6371-485c-984c-dc944a8f732b}</UniqueIdentifier>
    </Filter>
    <Filter Include="modes">
      <UniqueIdentifier>{92394877-2845-41d9-90cd-7eeb515fa94c}</UniqueIdentifier>
    </Filter>
    <Filter Include="common\global">
      <UniqueIdentifier>{69bfb34e-5209-4ade-bd89-241ec31bed6c}</UniqueIdentifier>
    </Filter>
    <Filter Include="common\gui">
      <UniqueIdentifier>{2c3b4268-04d6-4584-a638-b52645363dca}</UniqueIdentifier>
    </Filter>
    <Filter Include="engine\audio">
      <UniqueIdentifier>{2eef011b-6f7a-4feb-8148-9593abd401cd}</UniqueIdentifier>
    </Filter>
    <Filter Include="engine\script">
      <UniqueIdentifier>{06b79e66-2c57-4b9e-9d26-7897c172e788}</UniqueIdentifier>
    </Filter>
    <Filter Include="engine\video">
      <UniqueIdentifier>{6c6983b5-acfb-496e-80a4-8808c06ec1c3}</UniqueIdentifier>
    </Filter>
    <Filter Include="modes\battle">
      <UniqueIdentifier>{ac786ecf-6803-42a9-9b14-1f0465a6b194}</UniqueIdentifier>
    </Filter>
    <Filter Include="modes\boot">
      <UniqueIdentifier>{775190cc-cdf8-41b5-bd51-293e5c5449fe}</UniqueIdentifier>
    </Filter>
    <Filter Include="modes\map">
      <UniqueIdentifier>{4c94c06f-b9bd-4cd7-a798-bf4c7bf93239}</UniqueIdentifier>
    </Filter>
    <Filter Include="modes\menu">
      <UniqueIdentifier>{568cdcb9-1b85-489d-88e6-a61ae2499f62}</UniqueIdentifier>
    </Filter>
    <Filter Include="modes\save">
      <UniqueIdentifier>{22adfc61-c348-45f8-a72e-1ce6320d7064}</UniqueIdentifier>
    </Filter>
    <Filter Include="modes\shop">
      <UniqueIdentifier>{4083d070-ef5f-43d9-b105-4313a0299959}</UniqueIdentifier>
    </Filter>
    <Filter Include="utils">
      <UniqueIdentifier>{941fa1c7-82b7-49ca-a92a-04313cbda490}</UniqueIdentifier>
    </Filter>
  </ItemGroup>
  <ItemGroup>
    <ClCompile Include="..\..\src\main.cpp" />
    <ClCompile Include="..\..\src\main_options.cpp" />
    <ClCompile Include="..\..\src\common\global\global.cpp">
      <Filter>common\global</Filter>
    </ClCompile>
    <ClCompile Include="..\..\src\common\global\global_actors.cpp">
      <Filter>common\global</Filter>
    </ClCompile>
    <ClCompile Include="..\..\src\common\global\global_effects.cpp">
      <Filter>common\global</Filter>
    </ClCompile>
    <ClCompile Include="..\..\src\common\global\global_objects.cpp">
      <Filter>common\global</Filter>
    </ClCompile>
    <ClCompile Include="..\..\src\common\global\global_skills.cpp">
      <Filter>common\global</Filter>
    </ClCompile>
    <ClCompile Include="..\..\src\common\global\global_utils.cpp">
      <Filter>common\global</Filter>
    </ClCompile>
    <ClCompile Include="..\..\src\common\gui\gui.cpp">
      <Filter>common\gui</Filter>
    </ClCompile>
    <ClCompile Include="..\..\src\common\gui\menu_window.cpp">
      <Filter>common\gui</Filter>
    </ClCompile>
    <ClCompile Include="..\..\src\common\gui\option.cpp">
      <Filter>common\gui</Filter>
    </ClCompile>
    <ClCompile Include="..\..\src\common\gui\textbox.cpp">
      <Filter>common\gui</Filter>
    </ClCompile>
    <ClCompile Include="..\..\src\common\common.cpp">
      <Filter>common</Filter>
    </ClCompile>
    <ClCompile Include="..\..\src\common\common_bindings.cpp">
      <Filter>common</Filter>
    </ClCompile>
    <ClCompile Include="..\..\src\common\dialogue.cpp">
      <Filter>common</Filter>
    </ClCompile>
    <ClCompile Include="..\..\src\engine\audio\audio.cpp">
      <Filter>engine\audio</Filter>
    </ClCompile>
    <ClCompile Include="..\..\src\engine\audio\audio_descriptor.cpp">
      <Filter>engine\audio</Filter>
    </ClCompile>
    <ClCompile Include="..\..\src\engine\audio\audio_effects.cpp">
      <Filter>engine\audio</Filter>
    </ClCompile>
    <ClCompile Include="..\..\src\engine\audio\audio_input.cpp">
      <Filter>engine\audio</Filter>
    </ClCompile>
    <ClCompile Include="..\..\src\engine\audio\audio_stream.cpp">
      <Filter>engine\audio</Filter>
    </ClCompile>
    <ClCompile Include="..\..\src\engine\script\script.cpp">
      <Filter>engine\script</Filter>
    </ClCompile>
    <ClCompile Include="..\..\src\engine\script\script_read.cpp">
      <Filter>engine\script</Filter>
    </ClCompile>
    <ClCompile Include="..\..\src\engine\script\script_write.cpp">
      <Filter>engine\script</Filter>
    </ClCompile>
    <ClCompile Include="..\..\src\engine\video\fade.cpp">
      <Filter>engine\video</Filter>
    </ClCompile>
    <ClCompile Include="..\..\src\engine\video\image.cpp">
      <Filter>engine\video</Filter>
    </ClCompile>
    <ClCompile Include="..\..\src\engine\video\image_base.cpp">
      <Filter>engine\video</Filter>
    </ClCompile>
    <ClCompile Include="..\..\src\engine\video\interpolator.cpp">
      <Filter>engine\video</Filter>
    </ClCompile>
    <ClCompile Include="..\..\src\engine\video\particle_effect.cpp">
      <Filter>engine\video</Filter>
    </ClCompile>
    <ClCompile Include="..\..\src\engine\video\particle_manager.cpp">
      <Filter>engine\video</Filter>
    </ClCompile>
    <ClCompile Include="..\..\src\engine\video\particle_system.cpp">
      <Filter>engine\video</Filter>
    </ClCompile>
    <ClCompile Include="..\..\src\engine\video\text.cpp">
      <Filter>engine\video</Filter>
    </ClCompile>
    <ClCompile Include="..\..\src\engine\video\texture.cpp">
      <Filter>engine\video</Filter>
    </ClCompile>
    <ClCompile Include="..\..\src\engine\video\texture_controller.cpp">
      <Filter>engine\video</Filter>
    </ClCompile>
    <ClCompile Include="..\..\src\engine\video\video.cpp">
      <Filter>engine\video</Filter>
    </ClCompile>
    <ClCompile Include="..\..\src\engine\effect_supervisor.cpp">
      <Filter>engine</Filter>
    </ClCompile>
    <ClCompile Include="..\..\src\engine\engine_bindings.cpp">
      <Filter>engine</Filter>
    </ClCompile>
    <ClCompile Include="..\..\src\engine\input.cpp">
      <Filter>engine</Filter>
    </ClCompile>
    <ClCompile Include="..\..\src\engine\mode_manager.cpp">
      <Filter>engine</Filter>
    </ClCompile>
    <ClCompile Include="..\..\src\engine\script_supervisor.cpp">
      <Filter>engine</Filter>
    </ClCompile>
    <ClCompile Include="..\..\src\engine\system.cpp">
      <Filter>engine</Filter>
    </ClCompile>
    <ClCompile Include="..\..\src\modes\battle\battle.cpp">
      <Filter>modes\battle</Filter>
    </ClCompile>
    <ClCompile Include="..\..\src\modes\battle\battle_actions.cpp">
      <Filter>modes\battle</Filter>
    </ClCompile>
    <ClCompile Include="..\..\src\modes\battle\battle_actors.cpp">
      <Filter>modes\battle</Filter>
    </ClCompile>
    <ClCompile Include="..\..\src\modes\battle\battle_command.cpp">
      <Filter>modes\battle</Filter>
    </ClCompile>
    <ClCompile Include="..\..\src\modes\battle\battle_effects.cpp">
      <Filter>modes\battle</Filter>
    </ClCompile>
    <ClCompile Include="..\..\src\modes\battle\battle_finish.cpp">
      <Filter>modes\battle</Filter>
    </ClCompile>
    <ClCompile Include="..\..\src\modes\battle\battle_sequence.cpp">
      <Filter>modes\battle</Filter>
    </ClCompile>
    <ClCompile Include="..\..\src\modes\battle\battle_utils.cpp">
      <Filter>modes\battle</Filter>
    </ClCompile>
    <ClCompile Include="..\..\src\modes\boot\boot.cpp">
      <Filter>modes\boot</Filter>
    </ClCompile>
    <ClCompile Include="..\..\src\modes\map\map_dialogue.cpp">
      <Filter>modes\map</Filter>
    </ClCompile>
    <ClCompile Include="..\..\src\modes\map\map_events.cpp">
      <Filter>modes\map</Filter>
    </ClCompile>
    <ClCompile Include="..\..\src\modes\map\map_minimap.cpp">
      <Filter>modes\map</Filter>
    </ClCompile>
    <ClCompile Include="..\..\src\modes\map\map_mode.cpp">
      <Filter>modes\map</Filter>
    </ClCompile>
    <ClCompile Include="..\..\src\modes\map\map_objects.cpp">
      <Filter>modes\map</Filter>
    </ClCompile>
    <ClCompile Include="..\..\src\modes\map\map_sprites.cpp">
      <Filter>modes\map</Filter>
    </ClCompile>
    <ClCompile Include="..\..\src\modes\map\map_tiles.cpp">
      <Filter>modes\map</Filter>
    </ClCompile>
    <ClCompile Include="..\..\src\modes\map\map_treasure.cpp">
      <Filter>modes\map</Filter>
    </ClCompile>
    <ClCompile Include="..\..\src\modes\map\map_utils.cpp">
      <Filter>modes\map</Filter>
    </ClCompile>
    <ClCompile Include="..\..\src\modes\map\map_zones.cpp">
      <Filter>modes\map</Filter>
    </ClCompile>
    <ClCompile Include="..\..\src\modes\menu\menu.cpp">
      <Filter>modes\menu</Filter>
    </ClCompile>
    <ClCompile Include="..\..\src\modes\menu\menu_views.cpp">
      <Filter>modes\menu</Filter>
    </ClCompile>
    <ClCompile Include="..\..\src\modes\save\save_mode.cpp">
      <Filter>modes\save</Filter>
    </ClCompile>
    <ClCompile Include="..\..\src\modes\shop\shop.cpp">
      <Filter>modes\shop</Filter>
    </ClCompile>
    <ClCompile Include="..\..\src\modes\shop\shop_buy.cpp">
      <Filter>modes\shop</Filter>
    </ClCompile>
    <ClCompile Include="..\..\src\modes\shop\shop_root.cpp">
      <Filter>modes\shop</Filter>
    </ClCompile>
    <ClCompile Include="..\..\src\modes\shop\shop_sell.cpp">
      <Filter>modes\shop</Filter>
    </ClCompile>
    <ClCompile Include="..\..\src\modes\shop\shop_trade.cpp">
      <Filter>modes\shop</Filter>
    </ClCompile>
    <ClCompile Include="..\..\src\modes\shop\shop_utils.cpp">
      <Filter>modes\shop</Filter>
    </ClCompile>
    <ClCompile Include="..\..\src\modes\mode_bindings.cpp">
      <Filter>modes</Filter>
    </ClCompile>
    <ClCompile Include="..\..\src\modes\mode_help_window.cpp">
      <Filter>modes</Filter>
    </ClCompile>
    <ClCompile Include="..\..\src\modes\pause.cpp">
      <Filter>modes</Filter>
    </ClCompile>
    <ClCompile Include="..\..\src\utils\exception.cpp">
      <Filter>utils</Filter>
    </ClCompile>
    <ClCompile Include="..\..\src\utils\ustring.cpp">
      <Filter>utils</Filter>
    </ClCompile>
    <ClCompile Include="..\..\src\utils\utils_files.cpp">
      <Filter>utils</Filter>
    </ClCompile>
    <ClCompile Include="..\..\src\utils\utils_numeric.cpp">
      <Filter>utils</Filter>
    </ClCompile>
    <ClCompile Include="..\..\src\utils\utils_random.cpp">
      <Filter>utils</Filter>
    </ClCompile>
    <ClCompile Include="..\..\src\utils\utils_strings.cpp">
      <Filter>utils</Filter>
    </ClCompile>
    <ClCompile Include="..\..\src\utils\utils_pch.cpp">
      <Filter>utils</Filter>
    </ClCompile>
    <ClCompile Include="..\..\src\common\message_window.cpp">
      <Filter>common</Filter>
    </ClCompile>
    <ClCompile Include="..\..\src\common\options_handler.cpp">
      <Filter>common</Filter>
    </ClCompile>
    <ClCompile Include="..\..\src\engine\indicator_supervisor.cpp">
      <Filter>engine</Filter>
    </ClCompile>
    <ClCompile Include="..\..\src\modes\map\map_status_effects.cpp">
      <Filter>modes\map</Filter>
    </ClCompile>
    <ClCompile Include="..\..\src\engine\video\transform2d.cpp">
      <Filter>engine\video</Filter>
    </ClCompile>
  </ItemGroup>
  <ItemGroup>
    <ClInclude Include="..\..\src\main_options.h" />
    <ClInclude Include="..\..\src\common\global\global.h">
      <Filter>common\global</Filter>
    </ClInclude>
    <ClInclude Include="..\..\src\common\global\global_actors.h">
      <Filter>common\global</Filter>
    </ClInclude>
    <ClInclude Include="..\..\src\common\global\global_effects.h">
      <Filter>common\global</Filter>
    </ClInclude>
    <ClInclude Include="..\..\src\common\global\global_objects.h">
      <Filter>common\global</Filter>
    </ClInclude>
    <ClInclude Include="..\..\src\common\global\global_skills.h">
      <Filter>common\global</Filter>
    </ClInclude>
    <ClInclude Include="..\..\src\common\global\global_utils.h">
      <Filter>common\global</Filter>
    </ClInclude>
    <ClInclude Include="..\..\src\common\gui\gui.h">
      <Filter>common\gui</Filter>
    </ClInclude>
    <ClInclude Include="..\..\src\common\gui\menu_window.h">
      <Filter>common\gui</Filter>
    </ClInclude>
    <ClInclude Include="..\..\src\common\gui\option.h">
      <Filter>common\gui</Filter>
    </ClInclude>
    <ClInclude Include="..\..\src\common\gui\textbox.h">
      <Filter>common\gui</Filter>
    </ClInclude>
    <ClInclude Include="..\..\src\common\common.h">
      <Filter>common</Filter>
    </ClInclude>
    <ClInclude Include="..\..\src\common\dialogue.h">
      <Filter>common</Filter>
    </ClInclude>
    <ClInclude Include="..\..\src\engine\audio\audio.h">
      <Filter>engine\audio</Filter>
    </ClInclude>
    <ClInclude Include="..\..\src\engine\audio\audio_descriptor.h">
      <Filter>engine\audio</Filter>
    </ClInclude>
    <ClInclude Include="..\..\src\engine\audio\audio_effects.h">
      <Filter>engine\audio</Filter>
    </ClInclude>
    <ClInclude Include="..\..\src\engine\audio\audio_input.h">
      <Filter>engine\audio</Filter>
    </ClInclude>
    <ClInclude Include="..\..\src\engine\audio\audio_stream.h">
      <Filter>engine\audio</Filter>
    </ClInclude>
    <ClInclude Include="..\..\src\engine\script\script.h">
      <Filter>engine\script</Filter>
    </ClInclude>
    <ClInclude Include="..\..\src\engine\script\script_read.h">
      <Filter>engine\script</Filter>
    </ClInclude>
    <ClInclude Include="..\..\src\engine\script\script_write.h">
      <Filter>engine\script</Filter>
    </ClInclude>
    <ClInclude Include="..\..\src\engine\video\color.h">
      <Filter>engine\video</Filter>
    </ClInclude>
    <ClInclude Include="..\..\src\engine\video\context.h">
      <Filter>engine\video</Filter>
    </ClInclude>
    <ClInclude Include="..\..\src\engine\video\coord_sys.h">
      <Filter>engine\video</Filter>
    </ClInclude>
    <ClInclude Include="..\..\src\engine\video\fade.h">
      <Filter>engine\video</Filter>
    </ClInclude>
    <ClInclude Include="..\..\src\engine\video\image.h">
      <Filter>engine\video</Filter>
    </ClInclude>
    <ClInclude Include="..\..\src\engine\video\image_base.h">
      <Filter>engine\video</Filter>
    </ClInclude>
    <ClInclude Include="..\..\src\engine\video\interpolator.h">
      <Filter>engine\video</Filter>
    </ClInclude>
    <ClInclude Include="..\..\src\engine\video\particle.h">
      <Filter>engine\video</Filter>
    </ClInclude>
    <ClInclude Include="..\..\src\engine\video\particle_effect.h">
      <Filter>engine\video</Filter>
    </ClInclude>
    <ClInclude Include="..\..\src\engine\video\particle_emitter.h">
      <Filter>engine\video</Filter>
    </ClInclude>
    <ClInclude Include="..\..\src\engine\video\particle_keyframe.h">
      <Filter>engine\video</Filter>
    </ClInclude>
    <ClInclude Include="..\..\src\engine\video\particle_manager.h">
      <Filter>engine\video</Filter>
    </ClInclude>
    <ClInclude Include="..\..\src\engine\video\particle_system.h">
      <Filter>engine\video</Filter>
    </ClInclude>
    <ClInclude Include="..\..\src\engine\video\screen_rect.h">
      <Filter>engine\video</Filter>
    </ClInclude>
    <ClInclude Include="..\..\src\engine\video\shake.h">
      <Filter>engine\video</Filter>
    </ClInclude>
    <ClInclude Include="..\..\src\engine\video\text.h">
      <Filter>engine\video</Filter>
    </ClInclude>
    <ClInclude Include="..\..\src\engine\video\texture.h">
      <Filter>engine\video</Filter>
    </ClInclude>
    <ClInclude Include="..\..\src\engine\video\texture_controller.h">
      <Filter>engine\video</Filter>
    </ClInclude>
    <ClInclude Include="..\..\src\engine\video\video.h">
      <Filter>engine\video</Filter>
    </ClInclude>
    <ClInclude Include="..\..\src\engine\effect_supervisor.h">
      <Filter>engine</Filter>
    </ClInclude>
    <ClInclude Include="..\..\src\engine\input.h">
      <Filter>engine</Filter>
    </ClInclude>
    <ClInclude Include="..\..\src\engine\mode_manager.h">
      <Filter>engine</Filter>
    </ClInclude>
    <ClInclude Include="..\..\src\engine\script_supervisor.h">
      <Filter>engine</Filter>
    </ClInclude>
    <ClInclude Include="..\..\src\engine\system.h">
      <Filter>engine</Filter>
    </ClInclude>
    <ClInclude Include="..\..\src\modes\battle\battle.h">
      <Filter>modes\battle</Filter>
    </ClInclude>
    <ClInclude Include="..\..\src\modes\battle\battle_actions.h">
      <Filter>modes\battle</Filter>
    </ClInclude>
    <ClInclude Include="..\..\src\modes\battle\battle_actors.h">
      <Filter>modes\battle</Filter>
    </ClInclude>
    <ClInclude Include="..\..\src\modes\battle\battle_command.h">
      <Filter>modes\battle</Filter>
    </ClInclude>
    <ClInclude Include="..\..\src\modes\battle\battle_effects.h">
      <Filter>modes\battle</Filter>
    </ClInclude>
    <ClInclude Include="..\..\src\modes\battle\battle_finish.h">
      <Filter>modes\battle</Filter>
    </ClInclude>
    <ClInclude Include="..\..\src\modes\battle\battle_sequence.h">
      <Filter>modes\battle</Filter>
    </ClInclude>
    <ClInclude Include="..\..\src\modes\battle\battle_utils.h">
      <Filter>modes\battle</Filter>
    </ClInclude>
    <ClInclude Include="..\..\src\modes\boot\boot.h">
      <Filter>modes\boot</Filter>
    </ClInclude>
    <ClInclude Include="..\..\src\modes\map\map_dialogue.h">
      <Filter>modes\map</Filter>
    </ClInclude>
    <ClInclude Include="..\..\src\modes\map\map_events.h">
      <Filter>modes\map</Filter>
    </ClInclude>
    <ClInclude Include="..\..\src\modes\map\map_minimap.h">
      <Filter>modes\map</Filter>
    </ClInclude>
    <ClInclude Include="..\..\src\modes\map\map_mode.h">
      <Filter>modes\map</Filter>
    </ClInclude>
    <ClInclude Include="..\..\src\modes\map\map_objects.h">
      <Filter>modes\map</Filter>
    </ClInclude>
    <ClInclude Include="..\..\src\modes\map\map_sprites.h">
      <Filter>modes\map</Filter>
    </ClInclude>
    <ClInclude Include="..\..\src\modes\map\map_tiles.h">
      <Filter>modes\map</Filter>
    </ClInclude>
    <ClInclude Include="..\..\src\modes\map\map_treasure.h">
      <Filter>modes\map</Filter>
    </ClInclude>
    <ClInclude Include="..\..\src\modes\map\map_utils.h">
      <Filter>modes\map</Filter>
    </ClInclude>
    <ClInclude Include="..\..\src\modes\map\map_zones.h">
      <Filter>modes\map</Filter>
    </ClInclude>
    <ClInclude Include="..\..\src\modes\menu\menu.h">
      <Filter>modes\menu</Filter>
    </ClInclude>
    <ClInclude Include="..\..\src\modes\menu\menu_views.h">
      <Filter>modes\menu</Filter>
    </ClInclude>
    <ClInclude Include="..\..\src\modes\save\save_mode.h">
      <Filter>modes\save</Filter>
    </ClInclude>
    <ClInclude Include="..\..\src\modes\shop\shop.h">
      <Filter>modes\shop</Filter>
    </ClInclude>
    <ClInclude Include="..\..\src\modes\shop\shop_buy.h">
      <Filter>modes\shop</Filter>
    </ClInclude>
    <ClInclude Include="..\..\src\modes\shop\shop_root.h">
      <Filter>modes\shop</Filter>
    </ClInclude>
    <ClInclude Include="..\..\src\modes\shop\shop_sell.h">
      <Filter>modes\shop</Filter>
    </ClInclude>
    <ClInclude Include="..\..\src\modes\shop\shop_trade.h">
      <Filter>modes\shop</Filter>
    </ClInclude>
    <ClInclude Include="..\..\src\modes\shop\shop_utils.h">
      <Filter>modes\shop</Filter>
    </ClInclude>
    <ClInclude Include="..\..\src\modes\mode_help_window.h">
      <Filter>modes</Filter>
    </ClInclude>
    <ClInclude Include="..\..\src\modes\pause.h">
      <Filter>modes</Filter>
    </ClInclude>
    <ClInclude Include="..\..\src\utils\exception.h">
      <Filter>utils</Filter>
    </ClInclude>
    <ClInclude Include="..\..\src\utils\singleton.h">
      <Filter>utils</Filter>
    </ClInclude>
    <ClInclude Include="..\..\src\utils\ustring.h">
      <Filter>utils</Filter>
    </ClInclude>
    <ClInclude Include="..\..\src\utils\utils_files.h">
      <Filter>utils</Filter>
    </ClInclude>
    <ClInclude Include="..\..\src\utils\utils_numeric.h">
      <Filter>utils</Filter>
    </ClInclude>
    <ClInclude Include="..\..\src\utils\utils_random.h">
      <Filter>utils</Filter>
    </ClInclude>
    <ClInclude Include="..\..\src\utils\utils_strings.h">
      <Filter>utils</Filter>
    </ClInclude>
    <ClInclude Include="..\..\src\utils\utils_pch.h">
      <Filter>utils</Filter>
    </ClInclude>
    <ClInclude Include="..\..\src\common\message_window.h">
      <Filter>common</Filter>
    </ClInclude>
    <ClInclude Include="..\..\src\common\options_handler.h">
      <Filter>common</Filter>
    </ClInclude>
    <ClInclude Include="..\..\src\engine\indicator_supervisor.h">
      <Filter>engine</Filter>
    </ClInclude>
    <ClInclude Include="..\..\src\modes\map\map_status_effects.h">
      <Filter>modes\map</Filter>
    </ClInclude>
    <ClInclude Include="..\..\src\engine\video\transform2d.h">
      <Filter>engine\video</Filter>
    </ClInclude>
  </ItemGroup>
</Project>