<?xml version="1.0" encoding="utf-8"?>
<Project ToolsVersion="4.0" xmlns="http://schemas.microsoft.com/developer/msbuild/2003">
  <ItemGroup>
    <Filter Include="Header Files">
      <UniqueIdentifier>{93995380-89BD-4b04-88EB-625FBE52EBFB}</UniqueIdentifier>
      <Extensions>h;hpp;hxx;hm;inl;inc;xsd</Extensions>
    </Filter>
    <Filter Include="Resource Files">
      <UniqueIdentifier>{67DA6AB6-F800-4c08-8B7A-83BB121AAD01}</UniqueIdentifier>
      <Extensions>rc;ico;cur;bmp;dlg;rc2;rct;bin;rgs;gif;jpg;jpeg;jpe;resx</Extensions>
    </Filter>
    <Filter Include="Source Files">
      <UniqueIdentifier>{4FC737F1-C7A5-4376-A066-2A32D752A2FF}</UniqueIdentifier>
      <Extensions>cpp;c;cc;cxx;def;odl;idl;hpj;bat;asm;asmx</Extensions>
    </Filter>
    <Filter Include="modes">
      <UniqueIdentifier>{69bbce8c-3418-47bb-9003-6f1b75333931}</UniqueIdentifier>
    </Filter>
    <Filter Include="modes\battle">
      <UniqueIdentifier>{89837441-2bd0-40c8-b5bb-1da2f9d66732}</UniqueIdentifier>
    </Filter>
    <Filter Include="modes\boot">
      <UniqueIdentifier>{73cfeaa1-fa5b-4802-92cb-f6d30bc3a541}</UniqueIdentifier>
    </Filter>
    <Filter Include="modes\map">
      <UniqueIdentifier>{1f9482d9-082d-4227-ab62-989767c57d2e}</UniqueIdentifier>
    </Filter>
    <Filter Include="modes\menu">
      <UniqueIdentifier>{19c6ccd6-d506-4287-ac45-26e2c6842744}</UniqueIdentifier>
    </Filter>
    <Filter Include="modes\save">
      <UniqueIdentifier>{180e4e22-4279-4ba9-addc-788a612eea09}</UniqueIdentifier>
    </Filter>
    <Filter Include="modes\shop">
      <UniqueIdentifier>{2c143d1d-8c26-4d1f-825c-aa59dd2e566f}</UniqueIdentifier>
    </Filter>
    <Filter Include="engine">
      <UniqueIdentifier>{0e55c474-2f0c-4c8d-adf3-a2194350871a}</UniqueIdentifier>
    </Filter>
    <Filter Include="engine\audio">
      <UniqueIdentifier>{4b9176da-ec9a-4186-8287-12db44a73d89}</UniqueIdentifier>
    </Filter>
    <Filter Include="engine\video">
      <UniqueIdentifier>{c15e26c9-ccb3-42d2-a6a5-8332ab1bd0b7}</UniqueIdentifier>
    </Filter>
    <Filter Include="engine\script">
      <UniqueIdentifier>{bc0b71a1-a347-4333-b635-4e6c46fbc8bf}</UniqueIdentifier>
    </Filter>
    <Filter Include="common">
      <UniqueIdentifier>{e7eb6292-63ea-488e-8032-9998ff564cb4}</UniqueIdentifier>
    </Filter>
    <Filter Include="common\global">
      <UniqueIdentifier>{473b539e-a052-4f3a-afce-f6f5e1e4992c}</UniqueIdentifier>
    </Filter>
    <Filter Include="common\gui">
      <UniqueIdentifier>{84410718-ea9a-4337-bff3-e5de3c846618}</UniqueIdentifier>
    </Filter>
  </ItemGroup>
  <ItemGroup>
    <ResourceCompile Include="icon.rc">
      <Filter>Resource Files</Filter>
    </ResourceCompile>
  </ItemGroup>
  <ItemGroup>
    <ClCompile Include="src\main.cpp">
      <Filter>Source Files</Filter>
    </ClCompile>
    <ClCompile Include="src\main_options.cpp">
      <Filter>Source Files</Filter>
    </ClCompile>
    <ClCompile Include="src\utils.cpp">
      <Filter>Source Files</Filter>
    </ClCompile>
    <ClCompile Include="src\modes\pause.cpp">
      <Filter>modes</Filter>
    </ClCompile>
    <ClCompile Include="src\modes\scene.cpp">
      <Filter>modes</Filter>
    </ClCompile>
    <ClCompile Include="src\modes\battle\battle_actions.cpp">
      <Filter>modes\battle</Filter>
    </ClCompile>
    <ClCompile Include="src\modes\battle\battle_actors.cpp">
      <Filter>modes\battle</Filter>
    </ClCompile>
    <ClCompile Include="src\modes\battle\battle_command.cpp">
      <Filter>modes\battle</Filter>
    </ClCompile>
    <ClCompile Include="src\modes\battle\battle_dialogue.cpp">
      <Filter>modes\battle</Filter>
    </ClCompile>
    <ClCompile Include="src\modes\battle\battle_effects.cpp">
      <Filter>modes\battle</Filter>
    </ClCompile>
    <ClCompile Include="src\modes\battle\battle_finish.cpp">
      <Filter>modes\battle</Filter>
    </ClCompile>
    <ClCompile Include="src\modes\battle\battle_indicators.cpp">
      <Filter>modes\battle</Filter>
    </ClCompile>
    <ClCompile Include="src\modes\battle\battle_utils.cpp">
      <Filter>modes\battle</Filter>
    </ClCompile>
    <ClCompile Include="src\modes\battle\battle.cpp">
      <Filter>modes\battle</Filter>
    </ClCompile>
    <ClCompile Include="src\modes\boot\boot_menu.cpp">
      <Filter>modes\boot</Filter>
    </ClCompile>
    <ClCompile Include="src\modes\boot\boot_welcome.cpp">
      <Filter>modes\boot</Filter>
    </ClCompile>
    <ClCompile Include="src\modes\boot\boot.cpp">
      <Filter>modes\boot</Filter>
    </ClCompile>
    <ClCompile Include="src\modes\boot\boot_credits.cpp">
      <Filter>modes\boot</Filter>
    </ClCompile>
    <ClCompile Include="src\modes\map\map_events.cpp">
      <Filter>modes\map</Filter>
    </ClCompile>
    <ClCompile Include="src\modes\map\map_objects.cpp">
      <Filter>modes\map</Filter>
    </ClCompile>
    <ClCompile Include="src\modes\map\map_sprites.cpp">
      <Filter>modes\map</Filter>
    </ClCompile>
    <ClCompile Include="src\modes\map\map_tiles.cpp">
      <Filter>modes\map</Filter>
    </ClCompile>
    <ClCompile Include="src\modes\map\map_treasure.cpp">
      <Filter>modes\map</Filter>
    </ClCompile>
    <ClCompile Include="src\modes\map\map_utils.cpp">
      <Filter>modes\map</Filter>
    </ClCompile>
    <ClCompile Include="src\modes\map\map_zones.cpp">
      <Filter>modes\map</Filter>
    </ClCompile>
    <ClCompile Include="src\modes\map\map.cpp">
      <Filter>modes\map</Filter>
    </ClCompile>
    <ClCompile Include="src\modes\map\map_dialogue.cpp">
      <Filter>modes\map</Filter>
    </ClCompile>
    <ClCompile Include="src\modes\menu\menu.cpp">
      <Filter>modes\menu</Filter>
    </ClCompile>
    <ClCompile Include="src\modes\menu\menu_views.cpp">
      <Filter>modes\menu</Filter>
    </ClCompile>
    <ClCompile Include="src\modes\shop\shop_buy.cpp">
      <Filter>modes\shop</Filter>
    </ClCompile>
    <ClCompile Include="src\modes\shop\shop_confirm.cpp">
      <Filter>modes\shop</Filter>
    </ClCompile>
    <ClCompile Include="src\modes\shop\shop_leave.cpp">
      <Filter>modes\shop</Filter>
    </ClCompile>
    <ClCompile Include="src\modes\shop\shop_root.cpp">
      <Filter>modes\shop</Filter>
    </ClCompile>
    <ClCompile Include="src\modes\shop\shop_sell.cpp">
      <Filter>modes\shop</Filter>
    </ClCompile>
    <ClCompile Include="src\modes\shop\shop_trade.cpp">
      <Filter>modes\shop</Filter>
    </ClCompile>
    <ClCompile Include="src\modes\shop\shop_utils.cpp">
      <Filter>modes\shop</Filter>
    </ClCompile>
    <ClCompile Include="src\modes\shop\shop.cpp">
      <Filter>modes\shop</Filter>
    </ClCompile>
    <ClCompile Include="src\modes\save\save_mode.cpp">
      <Filter>modes\save</Filter>
    </ClCompile>
    <ClCompile Include="src\engine\input.cpp">
      <Filter>engine</Filter>
    </ClCompile>
    <ClCompile Include="src\engine\mode_manager.cpp">
      <Filter>engine</Filter>
    </ClCompile>
    <ClCompile Include="src\engine\system.cpp">
      <Filter>engine</Filter>
    </ClCompile>
    <ClCompile Include="src\engine\audio\audio_effects.cpp">
      <Filter>engine\audio</Filter>
    </ClCompile>
    <ClCompile Include="src\engine\audio\audio_input.cpp">
      <Filter>engine\audio</Filter>
    </ClCompile>
    <ClCompile Include="src\engine\audio\audio_stream.cpp">
      <Filter>engine\audio</Filter>
    </ClCompile>
    <ClCompile Include="src\engine\audio\audio.cpp">
      <Filter>engine\audio</Filter>
    </ClCompile>
    <ClCompile Include="src\engine\audio\audio_descriptor.cpp">
      <Filter>engine\audio</Filter>
    </ClCompile>
    <ClCompile Include="src\engine\script\script_read.cpp">
      <Filter>engine\script</Filter>
    </ClCompile>
    <ClCompile Include="src\engine\script\script_write.cpp">
      <Filter>engine\script</Filter>
    </ClCompile>
    <ClCompile Include="src\engine\script\script.cpp">
      <Filter>engine\script</Filter>
    </ClCompile>
    <ClCompile Include="src\engine\script\script_modify.cpp">
      <Filter>engine\script</Filter>
    </ClCompile>
    <ClCompile Include="src\engine\video\image.cpp">
      <Filter>engine\video</Filter>
    </ClCompile>
    <ClCompile Include="src\engine\video\image_base.cpp">
      <Filter>engine\video</Filter>
    </ClCompile>
    <ClCompile Include="src\engine\video\interpolator.cpp">
      <Filter>engine\video</Filter>
    </ClCompile>
    <ClCompile Include="src\engine\video\particle_effect.cpp">
      <Filter>engine\video</Filter>
    </ClCompile>
    <ClCompile Include="src\engine\video\particle_manager.cpp">
      <Filter>engine\video</Filter>
    </ClCompile>
    <ClCompile Include="src\engine\video\particle_system.cpp">
      <Filter>engine\video</Filter>
    </ClCompile>
    <ClCompile Include="src\engine\video\shake.cpp">
      <Filter>engine\video</Filter>
    </ClCompile>
    <ClCompile Include="src\engine\video\text.cpp">
      <Filter>engine\video</Filter>
    </ClCompile>
    <ClCompile Include="src\engine\video\texture.cpp">
      <Filter>engine\video</Filter>
    </ClCompile>
    <ClCompile Include="src\engine\video\texture_controller.cpp">
      <Filter>engine\video</Filter>
    </ClCompile>
    <ClCompile Include="src\engine\video\video.cpp">
      <Filter>engine\video</Filter>
    </ClCompile>
    <ClCompile Include="src\engine\video\effects.cpp">
      <Filter>engine\video</Filter>
    </ClCompile>
    <ClCompile Include="src\engine\video\fade.cpp">
      <Filter>engine\video</Filter>
    </ClCompile>
    <ClCompile Include="src\common\global\global_effects.cpp">
      <Filter>common\global</Filter>
    </ClCompile>
    <ClCompile Include="src\common\global\global_objects.cpp">
      <Filter>common\global</Filter>
    </ClCompile>
    <ClCompile Include="src\common\global\global_skills.cpp">
      <Filter>common\global</Filter>
    </ClCompile>
    <ClCompile Include="src\common\global\global_utils.cpp">
      <Filter>common\global</Filter>
    </ClCompile>
    <ClCompile Include="src\common\global\global.cpp">
      <Filter>common\global</Filter>
    </ClCompile>
    <ClCompile Include="src\common\global\global_actors.cpp">
      <Filter>common\global</Filter>
    </ClCompile>
    <ClCompile Include="src\common\gui\menu_window.cpp">
      <Filter>common\gui</Filter>
    </ClCompile>
    <ClCompile Include="src\common\gui\option.cpp">
      <Filter>common\gui</Filter>
    </ClCompile>
    <ClCompile Include="src\common\gui\textbox.cpp">
      <Filter>common\gui</Filter>
    </ClCompile>
    <ClCompile Include="src\common\gui\gui.cpp">
      <Filter>common\gui</Filter>
    </ClCompile>
    <ClCompile Include="src\common\dialogue.cpp">
      <Filter>common</Filter>
    </ClCompile>
    <ClCompile Include="src\common\common.cpp">
      <Filter>common</Filter>
    </ClCompile>
    <ClCompile Include="src\modes\battle\battle_sequence.cpp">
      <Filter>modes\battle</Filter>
    </ClCompile>
    <ClCompile Include="src\engine\engine_bindings.cpp">
      <Filter>engine</Filter>
    </ClCompile>
    <ClCompile Include="src\modes\mode_bindings.cpp">
      <Filter>modes</Filter>
    </ClCompile>
    <ClCompile Include="src\common\common_bindings.cpp">
      <Filter>common</Filter>
    </ClCompile>
  </ItemGroup>
  <ItemGroup>
    <ClInclude Include="src\defs.h">
      <Filter>Header Files</Filter>
    </ClInclude>
    <ClInclude Include="src\main_options.h">
      <Filter>Header Files</Filter>
    </ClInclude>
    <ClInclude Include="src\utils.h">
      <Filter>Header Files</Filter>
    </ClInclude>
    <ClInclude Include="src\modes\pause.h">
      <Filter>modes</Filter>
    </ClInclude>
    <ClInclude Include="src\modes\scene.h">
      <Filter>modes</Filter>
    </ClInclude>
    <ClInclude Include="src\modes\battle\battle_actions.h">
      <Filter>modes\battle</Filter>
    </ClInclude>
    <ClInclude Include="src\modes\battle\battle_actors.h">
      <Filter>modes\battle</Filter>
    </ClInclude>
    <ClInclude Include="src\modes\battle\battle_command.h">
      <Filter>modes\battle</Filter>
    </ClInclude>
    <ClInclude Include="src\modes\battle\battle_dialogue.h">
      <Filter>modes\battle</Filter>
    </ClInclude>
    <ClInclude Include="src\modes\battle\battle_effects.h">
      <Filter>modes\battle</Filter>
    </ClInclude>
    <ClInclude Include="src\modes\battle\battle_finish.h">
      <Filter>modes\battle</Filter>
    </ClInclude>
    <ClInclude Include="src\modes\battle\battle_indicators.h">
      <Filter>modes\battle</Filter>
    </ClInclude>
    <ClInclude Include="src\modes\battle\battle_utils.h">
      <Filter>modes\battle</Filter>
    </ClInclude>
    <ClInclude Include="src\modes\battle\battle.h">
      <Filter>modes\battle</Filter>
    </ClInclude>
    <ClInclude Include="src\modes\boot\boot_credits.h">
      <Filter>modes\boot</Filter>
    </ClInclude>
    <ClInclude Include="src\modes\boot\boot_menu.h">
      <Filter>modes\boot</Filter>
    </ClInclude>
    <ClInclude Include="src\modes\boot\boot_welcome.h">
      <Filter>modes\boot</Filter>
    </ClInclude>
    <ClInclude Include="src\modes\boot\boot.h">
      <Filter>modes\boot</Filter>
    </ClInclude>
    <ClInclude Include="src\modes\map\map_dialogue.h">
      <Filter>modes\map</Filter>
    </ClInclude>
    <ClInclude Include="src\modes\map\map_events.h">
      <Filter>modes\map</Filter>
    </ClInclude>
    <ClInclude Include="src\modes\map\map_objects.h">
      <Filter>modes\map</Filter>
    </ClInclude>
    <ClInclude Include="src\modes\map\map_sprites.h">
      <Filter>modes\map</Filter>
    </ClInclude>
    <ClInclude Include="src\modes\map\map_tiles.h">
      <Filter>modes\map</Filter>
    </ClInclude>
    <ClInclude Include="src\modes\map\map_treasure.h">
      <Filter>modes\map</Filter>
    </ClInclude>
    <ClInclude Include="src\modes\map\map_utils.h">
      <Filter>modes\map</Filter>
    </ClInclude>
    <ClInclude Include="src\modes\map\map_zones.h">
      <Filter>modes\map</Filter>
    </ClInclude>
    <ClInclude Include="src\modes\map\map.h">
      <Filter>modes\map</Filter>
    </ClInclude>
    <ClInclude Include="src\modes\menu\menu.h">
      <Filter>modes\menu</Filter>
    </ClInclude>
    <ClInclude Include="src\modes\menu\menu_views.h">
      <Filter>modes\menu</Filter>
    </ClInclude>
    <ClInclude Include="src\modes\shop\shop_buy.h">
      <Filter>modes\shop</Filter>
    </ClInclude>
    <ClInclude Include="src\modes\shop\shop_confirm.h">
      <Filter>modes\shop</Filter>
    </ClInclude>
    <ClInclude Include="src\modes\shop\shop_leave.h">
      <Filter>modes\shop</Filter>
    </ClInclude>
    <ClInclude Include="src\modes\shop\shop_root.h">
      <Filter>modes\shop</Filter>
    </ClInclude>
    <ClInclude Include="src\modes\shop\shop_sell.h">
      <Filter>modes\shop</Filter>
    </ClInclude>
    <ClInclude Include="src\modes\shop\shop_trade.h">
      <Filter>modes\shop</Filter>
    </ClInclude>
    <ClInclude Include="src\modes\shop\shop_utils.h">
      <Filter>modes\shop</Filter>
    </ClInclude>
    <ClInclude Include="src\modes\shop\shop.h">
      <Filter>modes\shop</Filter>
    </ClInclude>
    <ClInclude Include="src\modes\save\save_mode.h">
      <Filter>modes\save</Filter>
    </ClInclude>
    <ClInclude Include="src\engine\input.h">
      <Filter>engine</Filter>
    </ClInclude>
    <ClInclude Include="src\engine\mode_manager.h">
      <Filter>engine</Filter>
    </ClInclude>
    <ClInclude Include="src\engine\system.h">
      <Filter>engine</Filter>
    </ClInclude>
    <ClInclude Include="src\engine\audio\audio_descriptor.h">
      <Filter>engine\audio</Filter>
    </ClInclude>
    <ClInclude Include="src\engine\audio\audio_effects.h">
      <Filter>engine\audio</Filter>
    </ClInclude>
    <ClInclude Include="src\engine\audio\audio_input.h">
      <Filter>engine\audio</Filter>
    </ClInclude>
    <ClInclude Include="src\engine\audio\audio_stream.h">
      <Filter>engine\audio</Filter>
    </ClInclude>
    <ClInclude Include="src\engine\audio\audio.h">
      <Filter>engine\audio</Filter>
    </ClInclude>
    <ClInclude Include="src\engine\script\script_modify.h">
      <Filter>engine\script</Filter>
    </ClInclude>
    <ClInclude Include="src\engine\script\script_read.h">
      <Filter>engine\script</Filter>
    </ClInclude>
    <ClInclude Include="src\engine\script\script_write.h">
      <Filter>engine\script</Filter>
    </ClInclude>
    <ClInclude Include="src\engine\script\script.h">
      <Filter>engine\script</Filter>
    </ClInclude>
    <ClInclude Include="src\engine\video\image.h">
      <Filter>engine\video</Filter>
    </ClInclude>
    <ClInclude Include="src\engine\video\image_base.h">
      <Filter>engine\video</Filter>
    </ClInclude>
    <ClInclude Include="src\engine\video\interpolator.h">
      <Filter>engine\video</Filter>
    </ClInclude>
    <ClInclude Include="src\engine\video\particle.h">
      <Filter>engine\video</Filter>
    </ClInclude>
    <ClInclude Include="src\engine\video\particle_effect.h">
      <Filter>engine\video</Filter>
    </ClInclude>
    <ClInclude Include="src\engine\video\particle_emitter.h">
      <Filter>engine\video</Filter>
    </ClInclude>
    <ClInclude Include="src\engine\video\particle_keyframe.h">
      <Filter>engine\video</Filter>
    </ClInclude>
    <ClInclude Include="src\engine\video\particle_manager.h">
      <Filter>engine\video</Filter>
    </ClInclude>
    <ClInclude Include="src\engine\video\particle_system.h">
      <Filter>engine\video</Filter>
    </ClInclude>
    <ClInclude Include="src\engine\video\screen_rect.h">
      <Filter>engine\video</Filter>
    </ClInclude>
    <ClInclude Include="src\engine\video\shake.h">
      <Filter>engine\video</Filter>
    </ClInclude>
    <ClInclude Include="src\engine\video\text.h">
      <Filter>engine\video</Filter>
    </ClInclude>
    <ClInclude Include="src\engine\video\texture.h">
      <Filter>engine\video</Filter>
    </ClInclude>
    <ClInclude Include="src\engine\video\texture_controller.h">
      <Filter>engine\video</Filter>
    </ClInclude>
    <ClInclude Include="src\engine\video\video.h">
      <Filter>engine\video</Filter>
    </ClInclude>
    <ClInclude Include="src\engine\video\color.h">
      <Filter>engine\video</Filter>
    </ClInclude>
    <ClInclude Include="src\engine\video\context.h">
      <Filter>engine\video</Filter>
    </ClInclude>
    <ClInclude Include="src\engine\video\coord_sys.h">
      <Filter>engine\video</Filter>
    </ClInclude>
    <ClInclude Include="src\engine\video\fade.h">
      <Filter>engine\video</Filter>
    </ClInclude>
    <ClInclude Include="src\common\global\global_actors.h">
      <Filter>common\global</Filter>
    </ClInclude>
    <ClInclude Include="src\common\global\global_effects.h">
      <Filter>common\global</Filter>
    </ClInclude>
    <ClInclude Include="src\common\global\global_objects.h">
      <Filter>common\global</Filter>
    </ClInclude>
    <ClInclude Include="src\common\global\global_skills.h">
      <Filter>common\global</Filter>
    </ClInclude>
    <ClInclude Include="src\common\global\global_utils.h">
      <Filter>common\global</Filter>
    </ClInclude>
    <ClInclude Include="src\common\global\global.h">
      <Filter>common\global</Filter>
    </ClInclude>
    <ClInclude Include="src\common\gui\menu_window.h">
      <Filter>common\gui</Filter>
    </ClInclude>
    <ClInclude Include="src\common\gui\option.h">
      <Filter>common\gui</Filter>
    </ClInclude>
    <ClInclude Include="src\common\gui\textbox.h">
      <Filter>common\gui</Filter>
    </ClInclude>
    <ClInclude Include="src\common\gui\gui.h">
      <Filter>common\gui</Filter>
    </ClInclude>
    <ClInclude Include="src\common\common.h">
      <Filter>common</Filter>
    </ClInclude>
    <ClInclude Include="src\common\dialogue.h">
      <Filter>common</Filter>
    </ClInclude>
    <ClInclude Include="src\modes\battle\battle_sequence.h">
      <Filter>modes\battle</Filter>
    </ClInclude>
  </ItemGroup>
</Project>