
Microsoft Visual Studio Solution File, Format Version 12.00
# Visual Studio Express 2013 for Windows Desktop
VisualStudioVersion = 12.0.40629.0
MinimumVisualStudioVersion = 10.0.40219.1
Project("{8BC9CEB8-8B4A-11D0-8D11-00A0C91BC942}") = "ValyriaTear", "ValyriaTear\ValyriaTear.vcxproj", "{E9897D34-2891-4846-8135-0C1926AF2AD7}"
	ProjectSection(ProjectDependencies) = postProject
		{C5C23CCD-DAC6-4AF2-81DA-77E1B0A1796B} = {C5C23CCD-DAC6-4AF2-81DA-77E1B0A1796B}
	EndProjectSection
EndProject
Project("{8BC9CEB8-8B4A-11D0-8D11-00A0C91BC942}") = "luabind", "luabind\luabind.vcxproj", "{C5C23CCD-DAC6-4AF2-81DA-77E1B0A1796B}"
EndProject
Global
	GlobalSection(SolutionConfigurationPlatforms) = preSolution
		Debug|Win32 = Debug|Win32
		Release|Win32 = Release|Win32
	EndGlobalSection
	GlobalSection(ProjectConfigurationPlatforms) = postSolution
		{E9897D34-2891-4846-8135-0C1926AF2AD7}.Debug|Win32.ActiveCfg = Debug|Win32
		{E9897D34-2891-4846-8135-0C1926AF2AD7}.Debug|Win32.Build.0 = Debug|Win32
		{E9897D34-2891-4846-8135-0C1926AF2AD7}.Release|Win32.ActiveCfg = Release|Win32
		{E9897D34-2891-4846-8135-0C1926AF2AD7}.Release|Win32.Build.0 = Release|Win32
		{C5C23CCD-DAC6-4AF2-81DA-77E1B0A1796B}.Debug|Win32.ActiveCfg = Debug|Win32
		{C5C23CCD-DAC6-4AF2-81DA-77E1B0A1796B}.Debug|Win32.Build.0 = Debug|Win32
		{C5C23CCD-DAC6-4AF2-81DA-77E1B0A1796B}.Release|Win32.ActiveCfg = Release|Win32
		{C5C23CCD-DAC6-4AF2-81DA-77E1B0A1796B}.Release|Win32.Build.0 = Release|Win32
	EndGlobalSection
	GlobalSection(SolutionProperties) = preSolution
		HideSolutionNode = FALSE
	EndGlobalSection
EndGlobal
